
Microsoft Visual Studio Solution File, Format Version 12.00
# Visual Studio Version 16
VisualStudioVersion = 16.0.30413.136
MinimumVisualStudioVersion = 10.0.40219.1
Project("{FAE04EC0-301F-11D3-BF4B-00C04F79EFBC}") = "BandDB", "BandDB.csproj", "{203BA47D-2C5B-4D64-A1AA-6DCEDC0E649D}"
EndProject
Global
	GlobalSection(SolutionConfigurationPlatforms) = preSolution
		Debug|Any CPU = Debug|Any CPU
		Release|Any CPU = Release|Any CPU
	EndGlobalSection
	GlobalSection(ProjectConfigurationPlatforms) = postSolution
		{203BA47D-2C5B-4D64-A1AA-6DCEDC0E649D}.Debug|Any CPU.ActiveCfg = Debug|Any CPU
		{203BA47D-2C5B-4D64-A1AA-6DCEDC0E649D}.Debug|Any CPU.Build.0 = Debug|Any CPU
		{203BA47D-2C5B-4D64-A1AA-6DCEDC0E649D}.Release|Any CPU.ActiveCfg = Release|Any CPU
		{203BA47D-2C5B-4D64-A1AA-6DCEDC0E649D}.Release|Any CPU.Build.0 = Release|Any CPU
	EndGlobalSection
	GlobalSection(SolutionProperties) = preSolution
		HideSolutionNode = FALSE
	EndGlobalSection
	GlobalSection(ExtensibilityGlobals) = postSolution
		SolutionGuid = {53BCC27E-16CB-4A70-BFF1-A372B7ED2449}
	EndGlobalSection
EndGlobal
